
Microsoft Visual Studio Solution File, Format Version 12.00
# Visual Studio 15
VisualStudioVersion = 15.0.26228.9
MinimumVisualStudioVersion = 10.0.40219.1
Project("{2150E333-8FDC-42A3-9474-1A3956D46DE8}") = "1-Presentation", "1-Presentation", "{1278482B-BAC7-43B3-8DF9-5A6AA62AF705}"
EndProject
Project("{2150E333-8FDC-42A3-9474-1A3956D46DE8}") = "2-Services", "2-Services", "{BF8239E7-E9DF-44F3-AD21-35195E5297FA}"
EndProject
Project("{2150E333-8FDC-42A3-9474-1A3956D46DE8}") = "3-Application", "3-Application", "{524A4DEE-1B88-424F-9AE3-93D00EB697D6}"
EndProject
Project("{2150E333-8FDC-42A3-9474-1A3956D46DE8}") = "4-Domain", "4-Domain", "{2FAB9D49-33DA-4985-80A5-63995F3391C6}"
EndProject
Project("{2150E333-8FDC-42A3-9474-1A3956D46DE8}") = "5-Infra", "5-Infra", "{C825D474-B981-4DD3-ABAC-16159D61E7B5}"
EndProject
Project("{2150E333-8FDC-42A3-9474-1A3956D46DE8}") = "5.1-Data", "5.1-Data", "{DB5D0035-F85D-431F-9371-197BD64722D7}"
EndProject
Project("{2150E333-8FDC-42A3-9474-1A3956D46DE8}") = "5.2-CrossCutting", "5.2-CrossCutting", "{36658BDD-144C-45D3-A220-46FE9C3D273D}"
EndProject
Project("{2150E333-8FDC-42A3-9474-1A3956D46DE8}") = "5.2.1-IoC", "5.2.1-IoC", "{0EEC9171-B86D-4E0D-B927-9220CC67A585}"
EndProject
Project("{2150E333-8FDC-42A3-9474-1A3956D46DE8}") = "5.2.2-SecurityIdentity", "5.2.2-SecurityIdentity", "{94AF7099-A480-4C6C-ACB6-504489FA8471}"
EndProject
Project("{FAE04EC0-301F-11D3-BF4B-00C04F79EFBC}") = "GEC6.Blog.Yan.Solution.WebBlogMVC", "GEC6.Blog.Yan.Solution.WebBlogMVC\GEC6.Blog.Yan.Solution.WebBlogMVC.csproj", "{FFE5B2A9-2629-426D-AF3C-E1D720C0A169}"
EndProject
Project("{FAE04EC0-301F-11D3-BF4B-00C04F79EFBC}") = "GEC6.Blog.Yan.Solution.WCFService", "GEC6.Blog.Yan.Solution.WCFService\GEC6.Blog.Yan.Solution.WCFService.csproj", "{8516D164-14A1-40C3-B45E-8D3E99BF7111}"
EndProject
Project("{FAE04EC0-301F-11D3-BF4B-00C04F79EFBC}") = "GEC6.Blog.Yan.WebAPIService", "GEC6.Blog.Yan.WebAPIService\GEC6.Blog.Yan.WebAPIService.csproj", "{7008990B-BDC0-438A-B65D-591BCC4D0FB8}"
EndProject
Project("{FAE04EC0-301F-11D3-BF4B-00C04F79EFBC}") = "GEC6.Blog.Yan.Application", "GEC6.Blog.Yan.Application\GEC6.Blog.Yan.Application.csproj", "{7EB9B2CE-A92E-44FF-8364-869869D080CA}"
EndProject
Project("{FAE04EC0-301F-11D3-BF4B-00C04F79EFBC}") = "GEC6.Blog.Yan.Domain", "GEC6.Blog.Yan.Domain\GEC6.Blog.Yan.Domain.csproj", "{CD339022-580D-4675-A8D3-B205382FB91D}"
EndProject
Project("{FAE04EC0-301F-11D3-BF4B-00C04F79EFBC}") = "GEC6.Blog.Yan.Infra.Data", "GEC6.Blog.Yan.Infra.Data\GEC6.Blog.Yan.Infra.Data.csproj", "{19382FC8-7F2A-4B5D-AAC2-A68466ADBB05}"
EndProject
Project("{FAE04EC0-301F-11D3-BF4B-00C04F79EFBC}") = "GEC6.Blog.Yan.Infra.CrossCutting.IoC", "GEC6.Blog.Yan.Infra.CrossCutting.IoC\GEC6.Blog.Yan.Infra.CrossCutting.IoC.csproj", "{DE2312D4-A8A9-4AEE-95F9-7613F52D0969}"
EndProject
Project("{FAE04EC0-301F-11D3-BF4B-00C04F79EFBC}") = "GEC6.Blog.Yan.Infra.CrossCutting.SecurityIdentity", "GEC6.Blog.Yan.Infra.CrossCutting.SecurityIdentity\GEC6.Blog.Yan.Infra.CrossCutting.SecurityIdentity.csproj", "{B1FB8377-482C-491D-8FAD-58E188791773}"
EndProject
Global
	GlobalSection(SolutionConfigurationPlatforms) = preSolution
		Debug|Any CPU = Debug|Any CPU
		Release|Any CPU = Release|Any CPU
	EndGlobalSection
	GlobalSection(ProjectConfigurationPlatforms) = postSolution
		{FFE5B2A9-2629-426D-AF3C-E1D720C0A169}.Debug|Any CPU.ActiveCfg = Debug|Any CPU
		{FFE5B2A9-2629-426D-AF3C-E1D720C0A169}.Debug|Any CPU.Build.0 = Debug|Any CPU
		{FFE5B2A9-2629-426D-AF3C-E1D720C0A169}.Release|Any CPU.ActiveCfg = Release|Any CPU
		{FFE5B2A9-2629-426D-AF3C-E1D720C0A169}.Release|Any CPU.Build.0 = Release|Any CPU
		{8516D164-14A1-40C3-B45E-8D3E99BF7111}.Debug|Any CPU.ActiveCfg = Debug|Any CPU
		{8516D164-14A1-40C3-B45E-8D3E99BF7111}.Debug|Any CPU.Build.0 = Debug|Any CPU
		{8516D164-14A1-40C3-B45E-8D3E99BF7111}.Release|Any CPU.ActiveCfg = Release|Any CPU
		{8516D164-14A1-40C3-B45E-8D3E99BF7111}.Release|Any CPU.Build.0 = Release|Any CPU
		{7008990B-BDC0-438A-B65D-591BCC4D0FB8}.Debug|Any CPU.ActiveCfg = Debug|Any CPU
		{7008990B-BDC0-438A-B65D-591BCC4D0FB8}.Debug|Any CPU.Build.0 = Debug|Any CPU
		{7008990B-BDC0-438A-B65D-591BCC4D0FB8}.Release|Any CPU.ActiveCfg = Release|Any CPU
		{7008990B-BDC0-438A-B65D-591BCC4D0FB8}.Release|Any CPU.Build.0 = Release|Any CPU
		{7EB9B2CE-A92E-44FF-8364-869869D080CA}.Debug|Any CPU.ActiveCfg = Debug|Any CPU
		{7EB9B2CE-A92E-44FF-8364-869869D080CA}.Debug|Any CPU.Build.0 = Debug|Any CPU
		{7EB9B2CE-A92E-44FF-8364-869869D080CA}.Release|Any CPU.ActiveCfg = Release|Any CPU
		{7EB9B2CE-A92E-44FF-8364-869869D080CA}.Release|Any CPU.Build.0 = Release|Any CPU
		{CD339022-580D-4675-A8D3-B205382FB91D}.Debug|Any CPU.ActiveCfg = Debug|Any CPU
		{CD339022-580D-4675-A8D3-B205382FB91D}.Debug|Any CPU.Build.0 = Debug|Any CPU
		{CD339022-580D-4675-A8D3-B205382FB91D}.Release|Any CPU.ActiveCfg = Release|Any CPU
		{CD339022-580D-4675-A8D3-B205382FB91D}.Release|Any CPU.Build.0 = Release|Any CPU
		{19382FC8-7F2A-4B5D-AAC2-A68466ADBB05}.Debug|Any CPU.ActiveCfg = Debug|Any CPU
		{19382FC8-7F2A-4B5D-AAC2-A68466ADBB05}.Debug|Any CPU.Build.0 = Debug|Any CPU
		{19382FC8-7F2A-4B5D-AAC2-A68466ADBB05}.Release|Any CPU.ActiveCfg = Release|Any CPU
		{19382FC8-7F2A-4B5D-AAC2-A68466ADBB05}.Release|Any CPU.Build.0 = Release|Any CPU
		{DE2312D4-A8A9-4AEE-95F9-7613F52D0969}.Debug|Any CPU.ActiveCfg = Debug|Any CPU
		{DE2312D4-A8A9-4AEE-95F9-7613F52D0969}.Debug|Any CPU.Build.0 = Debug|Any CPU
		{DE2312D4-A8A9-4AEE-95F9-7613F52D0969}.Release|Any CPU.ActiveCfg = Release|Any CPU
		{DE2312D4-A8A9-4AEE-95F9-7613F52D0969}.Release|Any CPU.Build.0 = Release|Any CPU
		{B1FB8377-482C-491D-8FAD-58E188791773}.Debug|Any CPU.ActiveCfg = Debug|Any CPU
		{B1FB8377-482C-491D-8FAD-58E188791773}.Debug|Any CPU.Build.0 = Debug|Any CPU
		{B1FB8377-482C-491D-8FAD-58E188791773}.Release|Any CPU.ActiveCfg = Release|Any CPU
		{B1FB8377-482C-491D-8FAD-58E188791773}.Release|Any CPU.Build.0 = Release|Any CPU
	EndGlobalSection
	GlobalSection(SolutionProperties) = preSolution
		HideSolutionNode = FALSE
	EndGlobalSection
	GlobalSection(NestedProjects) = preSolution
		{DB5D0035-F85D-431F-9371-197BD64722D7} = {C825D474-B981-4DD3-ABAC-16159D61E7B5}
		{36658BDD-144C-45D3-A220-46FE9C3D273D} = {C825D474-B981-4DD3-ABAC-16159D61E7B5}
		{0EEC9171-B86D-4E0D-B927-9220CC67A585} = {36658BDD-144C-45D3-A220-46FE9C3D273D}
		{94AF7099-A480-4C6C-ACB6-504489FA8471} = {36658BDD-144C-45D3-A220-46FE9C3D273D}
		{FFE5B2A9-2629-426D-AF3C-E1D720C0A169} = {1278482B-BAC7-43B3-8DF9-5A6AA62AF705}
		{8516D164-14A1-40C3-B45E-8D3E99BF7111} = {BF8239E7-E9DF-44F3-AD21-35195E5297FA}
		{7008990B-BDC0-438A-B65D-591BCC4D0FB8} = {BF8239E7-E9DF-44F3-AD21-35195E5297FA}
		{7EB9B2CE-A92E-44FF-8364-869869D080CA} = {524A4DEE-1B88-424F-9AE3-93D00EB697D6}
		{CD339022-580D-4675-A8D3-B205382FB91D} = {2FAB9D49-33DA-4985-80A5-63995F3391C6}
		{19382FC8-7F2A-4B5D-AAC2-A68466ADBB05} = {DB5D0035-F85D-431F-9371-197BD64722D7}
		{DE2312D4-A8A9-4AEE-95F9-7613F52D0969} = {0EEC9171-B86D-4E0D-B927-9220CC67A585}
		{B1FB8377-482C-491D-8FAD-58E188791773} = {94AF7099-A480-4C6C-ACB6-504489FA8471}
	EndGlobalSection
EndGlobal
